<?xml version="1.0" encoding="utf-8"?>
<Project ToolsVersion="17.0" xmlns="http://schemas.microsoft.com/developer/msbuild/2003">
  <ItemGroup>
    <ClCompile Include="C:\Users\Ben P\Desktop\Ice_breaker\ice_breaker\main.cpp">
      <Filter>Source Files</Filter>
    </ClCompile>
  </ItemGroup>
  <ItemGroup>
    <CustomBuild Include="C:\Users\Ben P\Desktop\Ice_breaker\ice_breaker\CMakeLists.txt" />
  </ItemGroup>
  <ItemGroup>
    <Filter Include="Source Files">
      <UniqueIdentifier>{B717CE7A-AD44-3618-A2FB-16F634F6F00C}</UniqueIdentifier>
    </Filter>
  </ItemGroup>
</Project>
